{
  "version": "5",
  "specifiers": {
    "jsr:@supabase/functions-js@^0.0.0-automated": "0.0.0-jsr-test.1",
    "jsr:@supabase/supabase-js@2": "2.93.3",
    "npm:@supabase/auth-js@2.93.3": "2.93.3",
    "npm:@supabase/postgrest-js@2.93.3": "2.93.3",
    "npm:@supabase/realtime-js@2.93.3": "2.93.3",
    "npm:@supabase/storage-js@2.93.3": "2.93.3"
  },
  "jsr": {
    "@supabase/functions-js@0.0.0-jsr-test.1": {
      "integrity": "b1b37924af1f0011b4753201e1585a37b030e996c6682492e02575eb27d902b2"
    },
    "@supabase/supabase-js@2.93.3": {
      "integrity": "e41bffc124ef8345e4f417b07069563a97803af318473991e63d39b16f979cc1",
      "dependencies": [
        "jsr:@supabase/functions-js",
        "npm:@supabase/auth-js",
        "npm:@supabase/postgrest-js",
        "npm:@supabase/realtime-js",
        "npm:@supabase/storage-js"
      ]
    }
  },
  "npm": {
    "@supabase/auth-js@2.93.3": {
      "integrity": "sha512-JdnkHZPKexVGSNONtu89RHU4bxz3X9kxx+f5ZnR5osoCIX+vs/MckwWRPZEybAEvlJXt5xjomDb3IB876QCxWQ==",
      "dependencies": [
        "tslib"
      ]
    },
    "@supabase/postgrest-js@2.93.3": {
      "integrity": "sha512-+iJ96g94skO2e4clsRSmEXg22NUOjh9BziapsJSAvnB1grOBf/BA8vGtCHjNOA+Z6lvKXL1jwBqcL9+fS1W/Lg==",
      "dependencies": [
        "tslib"
      ]
    },
    "@supabase/realtime-js@2.93.3": {
      "integrity": "sha512-gnYpcFzwy8IkezRP4CDbT5I8jOsiOjrWrqTY1B+7jIriXsnpifmlM6RRjLBm9oD7OwPG0/WksniGPdKW67sXOA==",
      "dependencies": [
        "@types/phoenix",
        "@types/ws",
        "tslib",
        "ws"
      ]
    },
    "@supabase/storage-js@2.93.3": {
      "integrity": "sha512-cw4qXiLrx3apglDM02Tx/w/stvFlrkKocC6vCvuFAz3JtVEl1zH8MUfDQDTH59kJAQVaVdbewrMWSoBob7REnA==",
      "dependencies": [
        "iceberg-js",
        "tslib"
      ]
    },
    "@types/node@25.1.0": {
      "integrity": "sha512-t7frlewr6+cbx+9Ohpl0NOTKXZNV9xHRmNOvql47BFJKcEG1CxtxlPEEe+gR9uhVWM4DwhnvTF110mIL4yP9RA==",
      "dependencies": [
        "undici-types"
      ]
    },
    "@types/phoenix@1.6.7": {
      "integrity": "sha512-oN9ive//QSBkf19rfDv45M7eZPi0eEXylht2OLEXicu5b4KoQ1OzXIw+xDSGWxSxe1JmepRR/ZH283vsu518/Q=="
    },
    "@types/ws@8.18.1": {
      "integrity": "sha512-ThVF6DCVhA8kUGy+aazFQ4kXQ7E1Ty7A3ypFOe0IcJV8O/M511G99AW24irKrW56Wt44yG9+ij8FaqoBGkuBXg==",
      "dependencies": [
        "@types/node"
      ]
    },
    "iceberg-js@0.8.1": {
      "integrity": "sha512-1dhVQZXhcHje7798IVM+xoo/1ZdVfzOMIc8/rgVSijRK38EDqOJoGula9N/8ZI5RD8QTxNQtK/Gozpr+qUqRRA=="
    },
    "tslib@2.8.1": {
      "integrity": "sha512-oJFu94HQb+KVduSUQL7wnpmqnfmLsOA/nAh6b6EH0wCEoK0/mPeXU6c3wKDV83MkOuHPRHtSXKKU99IBazS/2w=="
    },
    "undici-types@7.16.0": {
      "integrity": "sha512-Zz+aZWSj8LE6zoxD+xrjh4VfkIG8Ya6LvYkZqtUQGJPZjYl53ypCaUwWqo7eI0x66KBGeRo+mlBEkMSeSZ38Nw=="
    },
    "ws@8.19.0": {
      "integrity": "sha512-blAT2mjOEIi0ZzruJfIhb3nps74PRWTCz1IjglWEEpQl5XS/UNama6u2/rjFkDDouqr4L67ry+1aGIALViWjDg=="
    }
  },
  "redirects": {
    "https://esm.sh/@types/combined-stream@~1.0.6/index.d.ts": "https://esm.sh/@types/combined-stream@1.0.6/index.d.ts",
    "https://esm.sh/@types/debug@~4.1.12/index.d.ts": "https://esm.sh/@types/debug@4.1.12/index.d.ts",
    "https://esm.sh/@types/follow-redirects@~1.14.4/index.d.ts": "https://esm.sh/@types/follow-redirects@1.14.4/index.d.ts",
    "https://esm.sh/@types/get-intrinsic@~1.2.3/index.d.ts": "https://esm.sh/@types/get-intrinsic@1.2.3/index.d.ts",
    "https://esm.sh/@types/jsonwebtoken@~9.0.10/index.d.ts": "https://esm.sh/@types/jsonwebtoken@9.0.10/index.d.ts",
    "https://esm.sh/@types/jwa@~2.0.3/index.d.ts": "https://esm.sh/@types/jwa@2.0.3/index.d.ts",
    "https://esm.sh/@types/lodash.includes@~4.3.9/index.d.ts": "https://esm.sh/@types/lodash.includes@4.3.9/index.d.ts",
    "https://esm.sh/@types/lodash.isboolean@~3.0.9/index.d.ts": "https://esm.sh/@types/lodash.isboolean@3.0.9/index.d.ts",
    "https://esm.sh/@types/lodash.isinteger@~4.0.9/index.d.ts": "https://esm.sh/@types/lodash.isinteger@4.0.9/index.d.ts",
    "https://esm.sh/@types/lodash.isnumber@~3.0.9/index.d.ts": "https://esm.sh/@types/lodash.isnumber@3.0.9/index.d.ts",
    "https://esm.sh/@types/lodash.isplainobject@~4.0.9/index.d.ts": "https://esm.sh/@types/lodash.isplainobject@4.0.9/index.d.ts",
    "https://esm.sh/@types/lodash.isstring@~4.0.9/index.d.ts": "https://esm.sh/@types/lodash.isstring@4.0.9/index.d.ts",
    "https://esm.sh/@types/lodash.once@~4.1.9/index.d.ts": "https://esm.sh/@types/lodash.once@4.1.9/index.d.ts",
    "https://esm.sh/@types/mime-types@~2.1.4/index.d.ts": "https://esm.sh/@types/mime-types@2.1.4/index.d.ts",
    "https://esm.sh/@types/object-inspect@~1.13.0/index.d.ts": "https://esm.sh/@types/object-inspect@1.13.0/index.d.ts",
    "https://esm.sh/@types/proxy-from-env@~1.0.4/index.d.ts": "https://esm.sh/@types/proxy-from-env@1.0.4/index.d.ts",
    "https://esm.sh/@types/qs@~6.14.0/index.d.ts": "https://esm.sh/@types/qs@6.14.0/index.d.ts",
    "https://esm.sh/@types/querystringify@~2.0.2/index.d.ts": "https://esm.sh/@types/querystringify@2.0.2/index.d.ts",
    "https://esm.sh/@types/requires-port@~1.0.3/index.d.ts": "https://esm.sh/@types/requires-port@1.0.3/index.d.ts",
    "https://esm.sh/@types/semver@~7.7.1/index.d.ts": "https://esm.sh/@types/semver@7.7.1/index.d.ts",
    "https://esm.sh/@types/url-parse@~1.4.11/index.d.ts": "https://esm.sh/@types/url-parse@1.4.11/index.d.ts",
    "https://esm.sh/agent-base@6?target=denonext": "https://esm.sh/agent-base@6.0.2?target=denonext",
    "https://esm.sh/async-function@^1.0.0?target=denonext": "https://esm.sh/async-function@1.0.0?target=denonext",
    "https://esm.sh/async-generator-function@^1.0.0?target=denonext": "https://esm.sh/async-generator-function@1.0.0?target=denonext",
    "https://esm.sh/asynckit@^0.4.0?target=denonext": "https://esm.sh/asynckit@0.4.0?target=denonext",
    "https://esm.sh/axios@^1.6.0?target=denonext": "https://esm.sh/axios@1.13.4?target=denonext",
    "https://esm.sh/buffer-equal-constant-time@^1.0.1?target=denonext": "https://esm.sh/buffer-equal-constant-time@1.0.1?target=denonext",
    "https://esm.sh/call-bind-apply-helpers@^1.0.1?target=denonext": "https://esm.sh/call-bind-apply-helpers@1.0.2?target=denonext",
    "https://esm.sh/call-bind-apply-helpers@^1.0.2/functionApply?target=denonext": "https://esm.sh/call-bind-apply-helpers@1.0.2/functionApply?target=denonext",
    "https://esm.sh/call-bind-apply-helpers@^1.0.2/functionCall?target=denonext": "https://esm.sh/call-bind-apply-helpers@1.0.2/functionCall?target=denonext",
    "https://esm.sh/call-bind-apply-helpers@^1.0.2?target=denonext": "https://esm.sh/call-bind-apply-helpers@1.0.2?target=denonext",
    "https://esm.sh/call-bound@^1.0.2?target=denonext": "https://esm.sh/call-bound@1.0.4?target=denonext",
    "https://esm.sh/combined-stream@^1.0.8?target=denonext": "https://esm.sh/combined-stream@1.0.8?target=denonext",
    "https://esm.sh/dayjs@^1.11.9/plugin/utc?target=denonext": "https://esm.sh/dayjs@1.11.19/plugin/utc?target=denonext",
    "https://esm.sh/dayjs@^1.11.9?target=denonext": "https://esm.sh/dayjs@1.11.19?target=denonext",
    "https://esm.sh/debug?target=denonext": "https://esm.sh/debug@4.4.3?target=denonext",
    "https://esm.sh/debug@4?target=denonext": "https://esm.sh/debug@4.4.3?target=denonext",
    "https://esm.sh/delayed-stream@~1.0.0?target=denonext": "https://esm.sh/delayed-stream@1.0.0?target=denonext",
    "https://esm.sh/dunder-proto@^1.0.1/get?target=denonext": "https://esm.sh/dunder-proto@1.0.1/get?target=denonext",
    "https://esm.sh/es-object-atoms@^1.0.0?target=denonext": "https://esm.sh/es-object-atoms@1.1.1?target=denonext",
    "https://esm.sh/es-object-atoms@^1.1.1?target=denonext": "https://esm.sh/es-object-atoms@1.1.1?target=denonext",
    "https://esm.sh/follow-redirects@^1.15.6?target=denonext": "https://esm.sh/follow-redirects@1.15.11?target=denonext",
    "https://esm.sh/form-data@^4.0.4?target=denonext": "https://esm.sh/form-data@4.0.5?target=denonext",
    "https://esm.sh/generator-function@^2.0.0?target=denonext": "https://esm.sh/generator-function@2.0.1?target=denonext",
    "https://esm.sh/get-intrinsic@^1.2.5?target=denonext": "https://esm.sh/get-intrinsic@1.3.1?target=denonext",
    "https://esm.sh/get-intrinsic@^1.3.0?target=denonext": "https://esm.sh/get-intrinsic@1.3.1?target=denonext",
    "https://esm.sh/get-proto@^1.0.1/Object.getPrototypeOf?target=denonext": "https://esm.sh/get-proto@1.0.1/Object.getPrototypeOf?target=denonext",
    "https://esm.sh/get-proto@^1.0.1/Reflect.getPrototypeOf?target=denonext": "https://esm.sh/get-proto@1.0.1/Reflect.getPrototypeOf?target=denonext",
    "https://esm.sh/get-proto@^1.0.1?target=denonext": "https://esm.sh/get-proto@1.0.1?target=denonext",
    "https://esm.sh/https-proxy-agent@^5.0.0?target=denonext": "https://esm.sh/https-proxy-agent@5.0.1?target=denonext",
    "https://esm.sh/jsonwebtoken@^9.0.0?target=denonext": "https://esm.sh/jsonwebtoken@9.0.3?target=denonext",
    "https://esm.sh/jwa@^2.0.1?target=denonext": "https://esm.sh/jwa@2.0.1?target=denonext",
    "https://esm.sh/jws@^4.0.1?target=denonext": "https://esm.sh/jws@4.0.1?target=denonext",
    "https://esm.sh/lodash.includes@^4.3.0?target=denonext": "https://esm.sh/lodash.includes@4.3.0?target=denonext",
    "https://esm.sh/lodash.isboolean@^3.0.3?target=denonext": "https://esm.sh/lodash.isboolean@3.0.3?target=denonext",
    "https://esm.sh/lodash.isinteger@^4.0.4?target=denonext": "https://esm.sh/lodash.isinteger@4.0.4?target=denonext",
    "https://esm.sh/lodash.isnumber@^3.0.3?target=denonext": "https://esm.sh/lodash.isnumber@3.0.3?target=denonext",
    "https://esm.sh/lodash.isplainobject@^4.0.6?target=denonext": "https://esm.sh/lodash.isplainobject@4.0.6?target=denonext",
    "https://esm.sh/lodash.isstring@^4.0.1?target=denonext": "https://esm.sh/lodash.isstring@4.0.1?target=denonext",
    "https://esm.sh/lodash.once@^4.0.0?target=denonext": "https://esm.sh/lodash.once@4.1.1?target=denonext",
    "https://esm.sh/math-intrinsics@^1.1.0/abs?target=denonext": "https://esm.sh/math-intrinsics@1.1.0/abs?target=denonext",
    "https://esm.sh/math-intrinsics@^1.1.0/floor?target=denonext": "https://esm.sh/math-intrinsics@1.1.0/floor?target=denonext",
    "https://esm.sh/math-intrinsics@^1.1.0/max?target=denonext": "https://esm.sh/math-intrinsics@1.1.0/max?target=denonext",
    "https://esm.sh/math-intrinsics@^1.1.0/min?target=denonext": "https://esm.sh/math-intrinsics@1.1.0/min?target=denonext",
    "https://esm.sh/math-intrinsics@^1.1.0/pow?target=denonext": "https://esm.sh/math-intrinsics@1.1.0/pow?target=denonext",
    "https://esm.sh/math-intrinsics@^1.1.0/round?target=denonext": "https://esm.sh/math-intrinsics@1.1.0/round?target=denonext",
    "https://esm.sh/math-intrinsics@^1.1.0/sign?target=denonext": "https://esm.sh/math-intrinsics@1.1.0/sign?target=denonext",
    "https://esm.sh/mime-types@^2.1.12?target=denonext": "https://esm.sh/mime-types@2.1.35?target=denonext",
    "https://esm.sh/ms@^2.1.1?target=denonext": "https://esm.sh/ms@2.1.3?target=denonext",
    "https://esm.sh/ms@^2.1.3?target=denonext": "https://esm.sh/ms@2.1.3?target=denonext",
    "https://esm.sh/object-inspect@^1.13.3?target=denonext": "https://esm.sh/object-inspect@1.13.4?target=denonext",
    "https://esm.sh/proxy-from-env@^1.1.0?target=denonext": "https://esm.sh/proxy-from-env@1.1.0?target=denonext",
    "https://esm.sh/qs@^6.9.4?target=denonext": "https://esm.sh/qs@6.14.1?target=denonext",
    "https://esm.sh/querystringify@^2.1.1?target=denonext": "https://esm.sh/querystringify@2.2.0?target=denonext",
    "https://esm.sh/requires-port@^1.0.0?target=denonext": "https://esm.sh/requires-port@1.0.0?target=denonext",
    "https://esm.sh/safe-buffer@^5.0.1?target=denonext": "https://esm.sh/safe-buffer@5.2.1?target=denonext",
    "https://esm.sh/scmp@^2.1.0?target=denonext": "https://esm.sh/scmp@2.1.0?target=denonext",
    "https://esm.sh/semver@^7.5.4?target=denonext": "https://esm.sh/semver@7.7.3?target=denonext",
    "https://esm.sh/side-channel-list@^1.0.0?target=denonext": "https://esm.sh/side-channel-list@1.0.0?target=denonext",
    "https://esm.sh/side-channel-map@^1.0.1?target=denonext": "https://esm.sh/side-channel-map@1.0.1?target=denonext",
    "https://esm.sh/side-channel-weakmap@^1.0.2?target=denonext": "https://esm.sh/side-channel-weakmap@1.0.2?target=denonext",
    "https://esm.sh/side-channel@^1.1.0?target=denonext": "https://esm.sh/side-channel@1.1.0?target=denonext",
    "https://esm.sh/supports-color?target=denonext": "https://esm.sh/supports-color@10.2.2?target=denonext",
    "https://esm.sh/url-parse@^1.5.9?target=denonext": "https://esm.sh/url-parse@1.5.10?target=denonext",
    "https://esm.sh/xmlbuilder@^13.0.2?target=denonext": "https://esm.sh/xmlbuilder@13.0.2?target=denonext"
  },
  "remote": {
    "https://deno.land/std@0.150.0/media_types/_util.ts": "ce9b4fc4ba1c447dafab619055e20fd88236ca6bdd7834a21f98bd193c3fbfa1",
    "https://deno.land/std@0.150.0/media_types/mod.ts": "2d4b6f32a087029272dc59e0a55ae3cc4d1b27b794ccf528e94b1925795b3118",
    "https://deno.land/std@0.150.0/media_types/vendor/mime-db.v1.52.0.ts": "724cee25fa40f1a52d3937d6b4fbbfdd7791ff55e1b7ac08d9319d5632c7f5af",
    "https://deno.land/std@0.192.0/fmt/colors.ts": "d67e3cd9f472535241a8e410d33423980bec45047e343577554d3356e1f0ef4e",
    "https://deno.land/std@0.192.0/testing/_diff.ts": "1a3c044aedf77647d6cac86b798c6417603361b66b54c53331b312caeb447aea",
    "https://deno.land/std@0.192.0/testing/_format.ts": "a69126e8a469009adf4cf2a50af889aca364c349797e63174884a52ff75cf4c7",
    "https://deno.land/std@0.192.0/testing/asserts.ts": "e16d98b4d73ffc4ed498d717307a12500ae4f2cbe668f1a215632d19fcffc22f",
    "https://deno.land/std@0.208.0/assert/_constants.ts": "8a9da298c26750b28b326b297316cdde860bc237533b07e1337c021379e6b2a9",
    "https://deno.land/std@0.208.0/assert/_diff.ts": "58e1461cc61d8eb1eacbf2a010932bf6a05b79344b02ca38095f9b805795dc48",
    "https://deno.land/std@0.208.0/assert/_format.ts": "a69126e8a469009adf4cf2a50af889aca364c349797e63174884a52ff75cf4c7",
    "https://deno.land/std@0.208.0/assert/assert.ts": "9a97dad6d98c238938e7540736b826440ad8c1c1e54430ca4c4e623e585607ee",
    "https://deno.land/std@0.208.0/assert/assert_almost_equals.ts": "e15ca1f34d0d5e0afae63b3f5d975cbd18335a132e42b0c747d282f62ad2cd6c",
    "https://deno.land/std@0.208.0/assert/assert_array_includes.ts": "6856d7f2c3544bc6e62fb4646dfefa3d1df5ff14744d1bca19f0cbaf3b0d66c9",
    "https://deno.land/std@0.208.0/assert/assert_equals.ts": "d8ec8a22447fbaf2fc9d7c3ed2e66790fdb74beae3e482855d75782218d68227",
    "https://deno.land/std@0.208.0/assert/assert_exists.ts": "407cb6b9fb23a835cd8d5ad804e2e2edbbbf3870e322d53f79e1c7a512e2efd7",
    "https://deno.land/std@0.208.0/assert/assert_false.ts": "0ccbcaae910f52c857192ff16ea08bda40fdc79de80846c206bfc061e8c851c6",
    "https://deno.land/std@0.208.0/assert/assert_greater.ts": "ae2158a2d19313bf675bf7251d31c6dc52973edb12ac64ac8fc7064152af3e63",
    "https://deno.land/std@0.208.0/assert/assert_greater_or_equal.ts": "1439da5ebbe20855446cac50097ac78b9742abe8e9a43e7de1ce1426d556e89c",
    "https://deno.land/std@0.208.0/assert/assert_instance_of.ts": "3aedb3d8186e120812d2b3a5dea66a6e42bf8c57a8bd927645770bd21eea554c",
    "https://deno.land/std@0.208.0/assert/assert_is_error.ts": "c21113094a51a296ffaf036767d616a78a2ae5f9f7bbd464cd0197476498b94b",
    "https://deno.land/std@0.208.0/assert/assert_less.ts": "aec695db57db42ec3e2b62e97e1e93db0063f5a6ec133326cc290ff4b71b47e4",
    "https://deno.land/std@0.208.0/assert/assert_less_or_equal.ts": "5fa8b6a3ffa20fd0a05032fe7257bf985d207b85685fdbcd23651b70f928c848",
    "https://deno.land/std@0.208.0/assert/assert_match.ts": "c4083f80600bc190309903c95e397a7c9257ff8b5ae5c7ef91e834704e672e9b",
    "https://deno.land/std@0.208.0/assert/assert_not_equals.ts": "9f1acab95bd1f5fc9a1b17b8027d894509a745d91bac1718fdab51dc76831754",
    "https://deno.land/std@0.208.0/assert/assert_not_instance_of.ts": "0c14d3dfd9ab7a5276ed8ed0b18c703d79a3d106102077ec437bfe7ed912bd22",
    "https://deno.land/std@0.208.0/assert/assert_not_match.ts": "3796a5b0c57a1ce6c1c57883dd4286be13a26f715ea662318ab43a8491a13ab0",
    "https://deno.land/std@0.208.0/assert/assert_not_strict_equals.ts": "4cdef83df17488df555c8aac1f7f5ec2b84ad161b6d0645ccdbcc17654e80c99",
    "https://deno.land/std@0.208.0/assert/assert_object_match.ts": "d8fc2867cfd92eeacf9cea621e10336b666de1874a6767b5ec48988838370b54",
    "https://deno.land/std@0.208.0/assert/assert_rejects.ts": "45c59724de2701e3b1f67c391d6c71c392363635aad3f68a1b3408f9efca0057",
    "https://deno.land/std@0.208.0/assert/assert_strict_equals.ts": "b1f538a7ea5f8348aeca261d4f9ca603127c665e0f2bbfeb91fa272787c87265",
    "https://deno.land/std@0.208.0/assert/assert_string_includes.ts": "b821d39ebf5cb0200a348863c86d8c4c4b398e02012ce74ad15666fc4b631b0c",
    "https://deno.land/std@0.208.0/assert/assert_throws.ts": "63784e951475cb7bdfd59878cd25a0931e18f6dc32a6077c454b2cd94f4f4bcd",
    "https://deno.land/std@0.208.0/assert/assertion_error.ts": "4d0bde9b374dfbcbe8ac23f54f567b77024fb67dbb1906a852d67fe050d42f56",
    "https://deno.land/std@0.208.0/assert/equal.ts": "9f1a46d5993966d2596c44e5858eec821859b45f783a5ee2f7a695dfc12d8ece",
    "https://deno.land/std@0.208.0/assert/fail.ts": "c36353d7ae6e1f7933d45f8ea51e358c8c4b67d7e7502028598fe1fea062e278",
    "https://deno.land/std@0.208.0/assert/mod.ts": "37c49a26aae2b254bbe25723434dc28cd7532e444cf0b481a97c045d110ec085",
    "https://deno.land/std@0.208.0/assert/unimplemented.ts": "d56fbeecb1f108331a380f72e3e010a1f161baa6956fd0f7cf3e095ae1a4c75a",
    "https://deno.land/std@0.208.0/assert/unreachable.ts": "4600dc0baf7d9c15a7f7d234f00c23bca8f3eba8b140286aaca7aa998cf9a536",
    "https://deno.land/std@0.208.0/crypto/_fnv/fnv32.ts": "e4649dfdefc5c987ed53c3c25db62db771a06d9d1b9c36d2b5cf0853b8e82153",
    "https://deno.land/std@0.208.0/crypto/_fnv/fnv64.ts": "bfa0e4702061fdb490a14e6bf5f9168a22fb022b307c5723499469bfefca555e",
    "https://deno.land/std@0.208.0/crypto/_fnv/mod.ts": "f956a95f58910f223e420340b7404702ecd429603acd4491fa77af84f746040c",
    "https://deno.land/std@0.208.0/crypto/_fnv/util.ts": "accba12bfd80a352e32a872f87df2a195e75561f1b1304a4cb4f5a4648d288f9",
    "https://deno.land/std@0.208.0/crypto/_wasm/lib/deno_std_wasm_crypto.generated.mjs": "c41c4676a3ea2a92e8fdff55434533474131e4dfac2262a6a6c81631069808d8",
    "https://deno.land/std@0.208.0/crypto/_wasm/mod.ts": "d7b7dc54bbd6b02c16cd08e8e3d30fa9aa9692efb112a7ab5d8595827b9a0234",
    "https://deno.land/std@0.208.0/crypto/crypto.ts": "91c67764abb640b3e2a0b46867704d02077c0b1f978f5c711e4408e5d856717d",
    "https://deno.land/std@0.208.0/crypto/mod.ts": "e49caf22e980db882b917c48ac119e44c46ab57399cb565c2cd3138f8c33835e",
    "https://deno.land/std@0.208.0/crypto/timing_safe_equal.ts": "f6edc08d702f660b1ab3505b74d53a9d499e34a1351f6ab70f5ce8653fee8fb7",
    "https://deno.land/std@0.208.0/crypto/to_hash_string.ts": "5a687ffee6b54c935a84394c8f2394c2e1bf62bbff0f855b8ab6f5669e47cc8a",
    "https://deno.land/std@0.208.0/crypto/unstable_keystack.ts": "c53d746f91a2c6844b92fe6d8670af92d4de19d12af677406700f8ad61466bde",
    "https://deno.land/std@0.208.0/encoding/_util.ts": "f368920189c4fe6592ab2e93bd7ded8f3065b84f95cd3e036a4a10a75649dcba",
    "https://deno.land/std@0.208.0/encoding/base64.ts": "81c0ecff5ccb402def58ca03d8bd245bd01da15a077d3362b568e991aa10f4d9",
    "https://deno.land/std@0.208.0/encoding/base64url.ts": "b15a4c8c988362536334a31dbb75a2429346f8c0f9e2662f961567c5dd2f58e1",
    "https://deno.land/std@0.208.0/encoding/hex.ts": "a384101d02cd87036c708f540825feb5b073c8527a00d635e48b2e69c992a5f9",
    "https://deno.land/std@0.208.0/fmt/colors.ts": "34b3f77432925eb72cf0bfb351616949746768620b8e5ead66da532f93d10ba2",
    "https://deno.land/x/xhr@0.3.0/mod.ts": "094aacd627fd9635cd942053bf8032b5223b909858fa9dc8ffa583752ff63b20",
    "https://esm.sh/agent-base@6.0.2/denonext/agent-base.mjs": "0c0b763755e6a764fbadbe58595e60d610de470db095f4c9ef9176ff5f32a7f2",
    "https://esm.sh/agent-base@6.0.2?target=denonext": "3ec2292e9b1ebcf0dbf6e4744a6746b74b5daed730cbd49045c04cae350bf2e0",
    "https://esm.sh/async-function@1.0.0/denonext/async-function.mjs": "9a68a79494e7318827f19367915e5e8c902d81d395a2a429114371d8f506afd8",
    "https://esm.sh/async-function@1.0.0?target=denonext": "c5e89ac5310741350e80c75eb1ff0c24bdaa16db5bf0f9181fceea7e3bca763e",
    "https://esm.sh/async-generator-function@1.0.0/denonext/async-generator-function.mjs": "c7d6e6484a0083577a002c3114e08d84762b6f74327c89cd0129226cefd7436a",
    "https://esm.sh/async-generator-function@1.0.0?target=denonext": "7b92d0f159fcd05e4cb37faf06fe4d83333517287a9fd3fa1c3dfa34bfa99891",
    "https://esm.sh/asynckit@0.4.0/denonext/asynckit.mjs": "4ef3be6eb52c104699b90ca5524db55ec15bc76b361432f05c16b6106279ba72",
    "https://esm.sh/asynckit@0.4.0?target=denonext": "c6bd8832d6d16b648e22d124a16d33c3a7f7076e92be9444f2e4f6b27545708d",
    "https://esm.sh/axios@1.13.4/denonext/axios.mjs": "2e0b481b2db5bccb5d4616b40a000d017752319e10c9b586f83891a359e0be23",
    "https://esm.sh/axios@1.13.4/denonext/lib/adapters/http.mjs": "457d4d203bd088885ac7055558856326d43feb2f3765816c2a339ebc58501e9a",
    "https://esm.sh/axios@1.13.4/denonext/lib/adapters/xhr.mjs": "55c00817258970525563cbb5a169b21f2a148ade0278105f5ff1854ae62e7f48",
    "https://esm.sh/axios@1.13.4/denonext/lib/cancel/CanceledError.mjs": "ea7e760d594212a3f10e9b407e483dd29508966051d9cae567611139eadfc7b9",
    "https://esm.sh/axios@1.13.4/denonext/lib/core/AxiosError.mjs": "19bfdd9d35a63091721c338fceeca284c0dfb29f8de024d8e9f3a62253a84a0b",
    "https://esm.sh/axios@1.13.4/denonext/lib/core/AxiosHeaders.mjs": "5a9ca6ba5289e45dbee5e7fd0949049cf4114115610314447f890fd340b52555",
    "https://esm.sh/axios@1.13.4/denonext/lib/core/mergeConfig.mjs": "5b51352a5a72c9cb2726339eeba2a91d4570d2046da95656404063c1dd3ed97f",
    "https://esm.sh/axios@1.13.4/denonext/lib/defaults/transitional.mjs": "460dcc6480d8cb1ea5ddbb3d1b4f9a1d041a02c16adf7f76ca5358777d1a7119",
    "https://esm.sh/axios@1.13.4/denonext/lib/helpers/AxiosURLSearchParams.mjs": "8f92ceabc34e24aa137a8adef459501fce6c53e08071e946af179595b1fb4249",
    "https://esm.sh/axios@1.13.4/denonext/lib/helpers/bind.mjs": "64a4403f32d39b628ea322678199ca1d777aa8a317a8c4464c085e155829f83d",
    "https://esm.sh/axios@1.13.4/denonext/lib/helpers/progressEventReducer.mjs": "1f01190d7399c60b398da1e8d6a4d2d9bdd656412738823197b4462c713ba4de",
    "https://esm.sh/axios@1.13.4/denonext/lib/helpers/resolveConfig.mjs": "edfa4793d2e83ffceff1e2ad7ca0938b8a7f17044f32cb2fd22423791fb7d6b7",
    "https://esm.sh/axios@1.13.4/denonext/lib/helpers/toFormData.mjs": "7cda2bd92909aac5ecbd92fc6c09867c05e5815138a292468cbb3b49335eb429",
    "https://esm.sh/axios@1.13.4/denonext/lib/platform/index.mjs": "221e8342d751de7bf8c5db0320d5433f0840b925877c0db811f561b3f1015b21",
    "https://esm.sh/axios@1.13.4/denonext/unsafe/core/buildFullPath.mjs": "9e8bed27ac2e3238d3a1641b1219b35bb7c2e9f7c0530293aece8ca378421f38",
    "https://esm.sh/axios@1.13.4/denonext/unsafe/core/settle.mjs": "5f46cd6f840d9f492dfcf5e56b78292c7eb06426494cff4ecda4422276770c79",
    "https://esm.sh/axios@1.13.4/denonext/unsafe/helpers/buildURL.mjs": "8cad7bff9399a8f469d3693e3da9e8f0869345d1e9779fc3cbfc9c22d03844db",
    "https://esm.sh/axios@1.13.4/denonext/unsafe/helpers/combineURLs.mjs": "874bef06f8b3441d6530443aa724b7ff426dd217c94d3f992c490ad69e4b4265",
    "https://esm.sh/axios@1.13.4/denonext/unsafe/helpers/isAbsoluteURL.mjs": "73dbafa2d91561f88540d375e725d6d213b6009f7c03ca0058d89a6f9e8acfb2",
    "https://esm.sh/axios@1.13.4/denonext/unsafe/utils.mjs": "4518bf92fd4ce3917d8018d7b4cae6928e7c5d920b82dcc2a3dbf9efc63fa7ca",
    "https://esm.sh/axios@1.13.4?target=denonext": "be1fb38453e2b204080eda9751e159ff3edac8adb765e5b5627a873bf89f412b",
    "https://esm.sh/buffer-equal-constant-time@1.0.1/denonext/buffer-equal-constant-time.mjs": "c83a9e435334af6863aef9f50bd7d1a855e95055ba8af6dde63eaf674791f64b",
    "https://esm.sh/buffer-equal-constant-time@1.0.1?target=denonext": "947592b99778297d371afb105a753b42beffb623ca47203b5c71caa820cf05af",
    "https://esm.sh/call-bind-apply-helpers@1.0.2/denonext/actualApply.mjs": "e40dd22950f5eb996a325283de44db908753de3396f81ca4b4b186809ec7404b",
    "https://esm.sh/call-bind-apply-helpers@1.0.2/denonext/call-bind-apply-helpers.mjs": "1c096a11476850297224ad825a8e505c23fcc555a8474e929897f8d799fef30b",
    "https://esm.sh/call-bind-apply-helpers@1.0.2/denonext/functionApply.mjs": "20d90adbc9be9d9b51fe4fe1019f8bd1d0823f27a2557eed275b9e44c07260c5",
    "https://esm.sh/call-bind-apply-helpers@1.0.2/denonext/functionCall.mjs": "b36700f863bccd6667f66bfdc7cd9a252129cb203bf5eef59bf29046b9da1467",
    "https://esm.sh/call-bind-apply-helpers@1.0.2/denonext/reflectApply.mjs": "ad4d25d2a301d5d1701b908c50aa229ff4b5e62f05136d3828f1a26d5dc901f6",
    "https://esm.sh/call-bind-apply-helpers@1.0.2/functionApply?target=denonext": "62c4f7ef478c97ef7b1ba0e303d61df3cb4a1df4317b606e43b655f0e4219c43",
    "https://esm.sh/call-bind-apply-helpers@1.0.2/functionCall?target=denonext": "4366685652c948d1c2ca5264d496bb739f52ee5860950a1496e5214759135cc8",
    "https://esm.sh/call-bind-apply-helpers@1.0.2?target=denonext": "905e972ffcd24bdbceda3bc3208a2102b1ba8ebc2e74e55e42433ad17e1e455e",
    "https://esm.sh/call-bound@1.0.4/denonext/call-bound.mjs": "08fb5feeb1c0e871cfd19912759ea62b7023bac1d443ffb498f3968082bb3711",
    "https://esm.sh/call-bound@1.0.4?target=denonext": "8861d775f1c2f685b8985662bfc0eb9037cef7c41c7ee39ae49306662933cc67",
    "https://esm.sh/combined-stream@1.0.8/denonext/combined-stream.mjs": "364b91aa4c33e5f0b4075949d93a3407b21a8695031e7c2be29999d588f9ca2c",
    "https://esm.sh/combined-stream@1.0.8?target=denonext": "a0c89b8b29494e966774c7a708e33cc2df16a0bbe2279c841d088e169e7ab3c4",
    "https://esm.sh/dayjs@1.11.19/denonext/dayjs.mjs": "eb9d2f2df7190cae3647d7b890be6f6efcd841dfb47fba93d996eeb156dc7409",
    "https://esm.sh/dayjs@1.11.19/denonext/plugin/utc.mjs": "ee62526a36cfcefd05c8e1d3db5951c9f8d5518360c2d2ed9be4aa35cfe32c0c",
    "https://esm.sh/dayjs@1.11.19/plugin/utc?target=denonext": "ba5e0a09bcf80a594822b8b1cb4e4b528ee39a8774fb1c0cdfe872a54bb406e1",
    "https://esm.sh/dayjs@1.11.19?target=denonext": "4a2f030fa48aa84b9c4f30b5aa8a47a0caaed0208fcaab75bb238686e1d438ec",
    "https://esm.sh/debug@4.4.3/denonext/debug.mjs": "76c71326f78377cc7252a22502b6c058ad13c06d77abda67e670555659f7974e",
    "https://esm.sh/debug@4.4.3?target=denonext": "9df8b8806c13297f96185899110f8146b8b0c7944847c8392cbfb4e730a634dd",
    "https://esm.sh/delayed-stream@1.0.0/denonext/delayed-stream.mjs": "051a3501b7b3d3c593b78a2c7305093a8e363c518cd156f1a77117185e312abe",
    "https://esm.sh/delayed-stream@1.0.0?target=denonext": "d363b81e01f4c886114df14aa660c1a938bbb4be851ff12132260bed0db6126e",
    "https://esm.sh/dunder-proto@1.0.1/denonext/get.mjs": "8249c9d4dfb0c1f5ee60df6588c77153a4da927b2759e7059b4124c69a8e9223",
    "https://esm.sh/dunder-proto@1.0.1/get?target=denonext": "13d001daa54e39c69fe8034e0f54ecf326c1b44fcdf005b47a16087c535ee15e",
    "https://esm.sh/ecdsa-sig-formatter@1.0.11/denonext/ecdsa-sig-formatter.mjs": "08370379943e48e31cda373711fe5528f60b3d3d992fae7c0d520ef55607640e",
    "https://esm.sh/es-object-atoms@1.1.1/denonext/es-object-atoms.mjs": "002f305a1112ee598445ab88204560f9e3e1595d4086d4b044d845364df196d1",
    "https://esm.sh/es-object-atoms@1.1.1?target=denonext": "42f0f1f77d6dc7e20b9510cd914b97e8f20c57c218bccd433292a9d86a7f2123",
    "https://esm.sh/follow-redirects@1.15.11/denonext/follow-redirects.mjs": "09310a3fabeafece1bd15de9511730f8cf9099365c9bf9fd530c0edd01b593f0",
    "https://esm.sh/follow-redirects@1.15.11?target=denonext": "b069280502a855458847b726c694863f5d06092a34f3106f488194d31b46b24d",
    "https://esm.sh/form-data@4.0.5/denonext/form-data.mjs": "1898b5107b92409a9028d8d8f65213c2de681aba22eeda5b5558958ce2df08cd",
    "https://esm.sh/form-data@4.0.5?target=denonext": "0a347e31d651ff1c7ea3e89373c5418bc475f826abfc573209d17632be61844a",
    "https://esm.sh/generator-function@2.0.1/denonext/generator-function.mjs": "c0830dd65531f61823dd69e7d9f8fedace61f5810aa3ef4a47c876638ccce5a2",
    "https://esm.sh/generator-function@2.0.1?target=denonext": "d69b75b5af8feab1b72504ae1c088a112345997bc2fb03e78bc4b5cc2c717b30",
    "https://esm.sh/get-intrinsic@1.3.1/denonext/get-intrinsic.mjs": "af07ca16f714e1faaca241d5f136cae8e6d8300dc1cfcee3d2b670008fcfd579",
    "https://esm.sh/get-intrinsic@1.3.1?target=denonext": "e293e28f884cf6eb97da776907dd175a9b20a072d4b90898b590d7a156449f72",
    "https://esm.sh/get-proto@1.0.1/Object.getPrototypeOf?target=denonext": "07ea2fdda9026eb3b7e18eff95a1314a82db3b37efd0e4a1b7bd91c454bfd492",
    "https://esm.sh/get-proto@1.0.1/Reflect.getPrototypeOf?target=denonext": "08346568b8d1b2532dfff0affbb99b0400960313cb1b350969f9ca1f889ac700",
    "https://esm.sh/get-proto@1.0.1/denonext/Object.getPrototypeOf.mjs": "d62989d14e99b23a7604030f5b2c176b55067bd790d9056fd7b8a7f324c13c62",
    "https://esm.sh/get-proto@1.0.1/denonext/Reflect.getPrototypeOf.mjs": "4b884fb35dbdc6b2a67708f195cf46435514a7eb3930578453176aafe59d49fe",
    "https://esm.sh/get-proto@1.0.1/denonext/get-proto.mjs": "0e4ddb145c883b3f941aeba555feb48b9f177838d070449782265daf59b77377",
    "https://esm.sh/get-proto@1.0.1?target=denonext": "fa3e52250f16f485da729565f1f41dcbb23edeb64420db0146e374cc835c9b04",
    "https://esm.sh/https-proxy-agent@5.0.1/denonext/https-proxy-agent.mjs": "00801bfde0c48820cad4579eee098de1350913118aa126ff65ffab518a7f4141",
    "https://esm.sh/https-proxy-agent@5.0.1?target=denonext": "983271760921650552b0e33fd2ee731f6352f207842fdb235e8d866316ffa33d",
    "https://esm.sh/jsonwebtoken@9.0.3/denonext/jsonwebtoken.mjs": "737e0c725da990f644c04e1aa6783c074974df181cc54dc8b74efec7dd640472",
    "https://esm.sh/jsonwebtoken@9.0.3?target=denonext": "866d7a662e9092d1f1886a918289b28cc90985ee5bdff9bfea8ac876ed0a8693",
    "https://esm.sh/jwa@2.0.1/denonext/jwa.mjs": "9f886562cccb7bf4b6bb600597658ddb2d4f235ea7e00b534ff30ad33ae9a7d3",
    "https://esm.sh/jwa@2.0.1?target=denonext": "8a0c92b54c9d5bb54ce964bc189c11eb01316ef094b70cef107909bfa8de5eb5",
    "https://esm.sh/jws@4.0.1/denonext/jws.mjs": "e880f671775b4bb342dd26573ca58aa778ce3143619c4a6dd1cbde1145f733b3",
    "https://esm.sh/jws@4.0.1?target=denonext": "4ee2855f2c0029a9a88d818e1dc29f7763a60137034e096c99bd31c8be4b9f20",
    "https://esm.sh/lodash.includes@4.3.0/denonext/lodash.includes.mjs": "7891d8e1db31f196dad13cfea5d8c9cd7b57e556e852bde44a32b9c95f52f769",
    "https://esm.sh/lodash.includes@4.3.0?target=denonext": "52552ec9e8b0ee8dff8bd6743edb4ff57c1c1dc31fe13061c1fd6b023e26c0dd",
    "https://esm.sh/lodash.isboolean@3.0.3/denonext/lodash.isboolean.mjs": "62346e63e84456d408ad9cdd38dc122ea4fecef67b7682c9ef311a9d9376ebb4",
    "https://esm.sh/lodash.isboolean@3.0.3?target=denonext": "df362bed13151ed14dc4fea8a56582f7d5165ab057225f20f7a19933bc030603",
    "https://esm.sh/lodash.isinteger@4.0.4/denonext/lodash.isinteger.mjs": "661e55e1960486dc985a2dd833c942f79874d2c3d82d89b62d92a7c2d4fb1976",
    "https://esm.sh/lodash.isinteger@4.0.4?target=denonext": "1355063df9b6e29a874a0f22874b86abcb7520182efcd5e543ded4209ff4485c",
    "https://esm.sh/lodash.isnumber@3.0.3/denonext/lodash.isnumber.mjs": "406375117efebf18a311f7b9a9cde5b961f2b96589c6e70e7805ae8f9b233186",
    "https://esm.sh/lodash.isnumber@3.0.3?target=denonext": "129cd84408b3f202f339cfbde411d7e3573414128574123b94375b330cfd02b4",
    "https://esm.sh/lodash.isplainobject@4.0.6/denonext/lodash.isplainobject.mjs": "52baba5dc85a16aa38f54fcbbbf47ffe8b3c9d84e788a5199a20eab9135dd35a",
    "https://esm.sh/lodash.isplainobject@4.0.6?target=denonext": "aaf731d53ff27671d17a5e700371eb7d073496e7c099a537c05dd1df6606a54e",
    "https://esm.sh/lodash.isstring@4.0.1/denonext/lodash.isstring.mjs": "27f803808b3f189fa994d1b3784e13b2978976bf17c06050ee311e7f54b0db32",
    "https://esm.sh/lodash.isstring@4.0.1?target=denonext": "dc33fab7958cad340a76cc58bd2f30ad22ee63b00eac0bc2d9a4110049cdfddc",
    "https://esm.sh/lodash.once@4.1.1/denonext/lodash.once.mjs": "d98a09cbf4f8520f256be230ba50e9cae609b73bc8ffd2f6bf388099ea2f50b1",
    "https://esm.sh/lodash.once@4.1.1?target=denonext": "46682cfe5d75f572d14c6a3c4c5da23d597d80d0552fea124b72a2359bb4b37d",
    "https://esm.sh/math-intrinsics@1.1.0/abs?target=denonext": "b43b9b3996b29cda49a1ad6d71b876095144b3252c761b4338e8870e5073542e",
    "https://esm.sh/math-intrinsics@1.1.0/denonext/abs.mjs": "08304368394a36ee89a52def8a533da1f7c602891647a3e10543a8bbdb746c8b",
    "https://esm.sh/math-intrinsics@1.1.0/denonext/floor.mjs": "c5e41bb95fa47641ca012faa0a093eef6401d3ace4479a85e39cf726eb184785",
    "https://esm.sh/math-intrinsics@1.1.0/denonext/isNaN.mjs": "4c0aa9576873f1a60fc724bf6a7959ae3eb30e6b002aa3a94a00f6d071ae4fb2",
    "https://esm.sh/math-intrinsics@1.1.0/denonext/max.mjs": "d7b63113695c5fef18e6c505fb0db439cefefe5d6578283207bbed54287c53e9",
    "https://esm.sh/math-intrinsics@1.1.0/denonext/min.mjs": "445c0cbc6acecab1076657ce2b3ce8783b6bd7ec638b76b128dae98a92a9876a",
    "https://esm.sh/math-intrinsics@1.1.0/denonext/pow.mjs": "b15d61336938ae7d84cd9e223509cb576cc2b89a34ec678889c6cdc82bfdd45c",
    "https://esm.sh/math-intrinsics@1.1.0/denonext/round.mjs": "a96681000e62bc8c0ff3582a77981fc88fa3034ed5bb85b3e1a15047eeb954b6",
    "https://esm.sh/math-intrinsics@1.1.0/denonext/sign.mjs": "323a0314efc3a9892beebf5cdd3b6a1d71986821b58548b3a593f8103e4c49b0",
    "https://esm.sh/math-intrinsics@1.1.0/floor?target=denonext": "58bd34b24e7c69b79e09243ed99bf0aa35e0423524c5d6f3986d46f72b19cdab",
    "https://esm.sh/math-intrinsics@1.1.0/max?target=denonext": "67e6a93d9f2dd0eb70967013abd67be262b7651e05c4384c9899621ed29db5bb",
    "https://esm.sh/math-intrinsics@1.1.0/min?target=denonext": "869cb45f08e5642671cb4e0078b73fae5e767656e7ab86a208ca721d67b42fb1",
    "https://esm.sh/math-intrinsics@1.1.0/pow?target=denonext": "4f42df7a6c0593efdb1edb840affe3a464884ac3287fa18b03810021ee55a5fb",
    "https://esm.sh/math-intrinsics@1.1.0/round?target=denonext": "635d454d1f3fe901ab84dc7508ca8ba90825085b051278f083986ab8d763e675",
    "https://esm.sh/math-intrinsics@1.1.0/sign?target=denonext": "67eede9463cdb90393f9e449e8d6d59283db42ff1793fc381292a5612e535cfe",
    "https://esm.sh/mime-db@1.52.0/denonext/mime-db.mjs": "f93feb3d7150014b71bd0d06c5bd819db56a089b31b8b79a3b0466bb37ef005e",
    "https://esm.sh/mime-types@2.1.35/denonext/mime-types.mjs": "704bdb318816fe1360c90a196f7cb3ba6e25fe207707cc2df873f890ad2e5f44",
    "https://esm.sh/mime-types@2.1.35?target=denonext": "e4cc9a1aabecc1be22d194375ec3b99cc9d51700cc4629ab689975451c0a8ce5",
    "https://esm.sh/ms@2.1.3/denonext/ms.mjs": "9039464da1f4ae1c2042742d335c82556c048bbe49449b5d0cd5198193afa147",
    "https://esm.sh/ms@2.1.3?target=denonext": "36f5aa7503ff0ff44ce9e3155a60362d8d3ae5db8db048be5764a3a515b6a263",
    "https://esm.sh/object-inspect@1.13.4/denonext/object-inspect.mjs": "45c312125d1f5469db2840085ce40fa3fbaab81bebcb4b2f79153f9eeaa05230",
    "https://esm.sh/object-inspect@1.13.4?target=denonext": "426a13b7cd2fb610060e1d943f1ae802ef3873c2055b80dd75b39fddcb5b91f9",
    "https://esm.sh/proxy-from-env@1.1.0/denonext/proxy-from-env.mjs": "f60f9c79fc3baa07c13c800798d645ae70d1b2059b8d593dcd4f8c5710b50333",
    "https://esm.sh/proxy-from-env@1.1.0?target=denonext": "bf02a050a1a6aa56ddba25dbea2c355da294630e5c5520fddea4b2f30a9292bc",
    "https://esm.sh/qs@6.14.1/denonext/qs.mjs": "22010376d5110e02f7336509939305c92d2de582f65fba0131eb071c04da98f0",
    "https://esm.sh/qs@6.14.1?target=denonext": "84ef2739ec761dbf58e254a95b763fa4e7281945ea6eb53e7cf7f87b510d91de",
    "https://esm.sh/querystringify@2.2.0/denonext/querystringify.mjs": "9785a463d587eae6d3cf0fc1e6e5ff2af165c8d9b920f26165c2991b5ce837b2",
    "https://esm.sh/querystringify@2.2.0?target=denonext": "fa80faff4709f72422e46f24fae0ce58b44300ebcbba9d988d8fda211b0bfb69",
    "https://esm.sh/requires-port@1.0.0/denonext/requires-port.mjs": "4ed7f15c2a35d1e8b529c758202a7837ab4a4f92c984c2f34ec40d81aa259190",
    "https://esm.sh/requires-port@1.0.0?target=denonext": "d75e802ef14a2ff2956831bd0740889ded22458abcc066aaddb751ec2c9b7444",
    "https://esm.sh/safe-buffer@5.2.1/denonext/safe-buffer.mjs": "51b088d69d0bbf6d7ce4179853887e105715df40e432a3bff0e9575cc2285276",
    "https://esm.sh/safe-buffer@5.2.1?target=denonext": "34028b9647c849fa96dfd3d9f217a3adca8b43b13409820ac3f43fb15eba3e20",
    "https://esm.sh/scmp@2.1.0/denonext/scmp.mjs": "057985554d566fee26c06c4111f9c304ff0ff3f774ddb7f597848cd14412c073",
    "https://esm.sh/scmp@2.1.0?target=denonext": "d514bc23ce4fd49780b7764b206c3ab80de52f5b3455dc9deb660e9a6921976a",
    "https://esm.sh/semver@7.7.3/denonext/semver.mjs": "445048924a670dbfcfe872b98a1c80ebd010ec2c7eded1760f84929f96da49ea",
    "https://esm.sh/semver@7.7.3?target=denonext": "67238ed12c7c1ae049ca285b2d1db371dbd02684cf21196d06958d574b990263",
    "https://esm.sh/side-channel-list@1.0.0/denonext/side-channel-list.mjs": "615fd6bc8c12cf76f305e9037fa5d9c68683b513f05c28b282d6b6158b08fa00",
    "https://esm.sh/side-channel-list@1.0.0?target=denonext": "aa5947fc9e50ab024e202112fe8cbe16726adf354252de20c040258214c75ea5",
    "https://esm.sh/side-channel-map@1.0.1/denonext/side-channel-map.mjs": "5c6c38348826aa2b41eb5654fff235ae06a06c6f0b02ad736b6f226704d7043a",
    "https://esm.sh/side-channel-map@1.0.1?target=denonext": "8b59be4ffd58b5654971b600ca894755e9277c9be88dbfcc5673b2e85d8d30ec",
    "https://esm.sh/side-channel-weakmap@1.0.2/denonext/side-channel-weakmap.mjs": "5bee9551eadb611a71937950a614bd9d46ca5139afbb20e28321c1704953b367",
    "https://esm.sh/side-channel-weakmap@1.0.2?target=denonext": "f6ca783896c64a8ca09f483a7809e053e4e31b1569b5c5251ed5813561330dfe",
    "https://esm.sh/side-channel@1.1.0/denonext/side-channel.mjs": "2b14f5c6f2fc136405c1bda1897e81a87993ee525b4eff74232b8e6cacf9b759",
    "https://esm.sh/side-channel@1.1.0?target=denonext": "af0b34fab98933edb9b50119e3383d0f2df5451b179ded5e92007d6f773d12e2",
    "https://esm.sh/supports-color@10.2.2/denonext/supports-color.mjs": "a263c0229c209e3fed166348cd02e96f08996902c9e8e7c6de4ac50c8ee2a748",
    "https://esm.sh/supports-color@10.2.2?target=denonext": "f938c90ae6175cd0ec937dabb90259b115033d9dfde267b69566089f06f92d06",
    "https://esm.sh/twilio@4.23.0": "df4b46eb1d4e239a388131e0b33679b4111f1eede7f4aa48132aef07eef608f4",
    "https://esm.sh/twilio@4.23.0/denonext/twilio.mjs": "29d47b5098900ee7b3772697929b95c03b986811bef25d53ea26bf9c2f1d254b",
    "https://esm.sh/url-parse@1.5.10/denonext/url-parse.mjs": "32deda7590b084ed40e10552c56abf38d46b983dfb25102c3e5a19720385557a",
    "https://esm.sh/url-parse@1.5.10?target=denonext": "b301fcd411b6aa47b9fed837cc5b7ff75c6c94c702ba138f27b39cd6062cb714",
    "https://esm.sh/xmlbuilder@13.0.2/denonext/xmlbuilder.mjs": "9e127e609a346db28c0cb33acc371269288303ed68d74fed2de97c371b821ed9",
    "https://esm.sh/xmlbuilder@13.0.2?target=denonext": "9928d334a6a5d3ecca31f3020f1b9e43b50963be9c0794819c49feeea3519768"
  },
  "workspace": {
    "dependencies": [
      "jsr:@supabase/supabase-js@2"
    ],
    "members": {
      "supabase/functions/webhook-handler": {
        "dependencies": [
          "jsr:@supabase/supabase-js@2"
        ]
      }
    }
  }
}
